
Microsoft Visual Studio Solution File, Format Version 12.00
# Visual Studio Version 16
VisualStudioVersion = 16.0.31729.503
MinimumVisualStudioVersion = 10.0.40219.1
Project("{FAE04EC0-301F-11D3-BF4B-00C04F79EFBC}") = "For", "For\For.csproj", "{01399D58-7F14-4DAB-85A1-7EA57FCB142F}"
EndProject
Global
	GlobalSection(SolutionConfigurationPlatforms) = preSolution
		Debug|Any CPU = Debug|Any CPU
		Release|Any CPU = Release|Any CPU
	EndGlobalSection
	GlobalSection(ProjectConfigurationPlatforms) = postSolution
		{01399D58-7F14-4DAB-85A1-7EA57FCB142F}.Debug|Any CPU.ActiveCfg = Debug|Any CPU
		{01399D58-7F14-4DAB-85A1-7EA57FCB142F}.Debug|Any CPU.Build.0 = Debug|Any CPU
		{01399D58-7F14-4DAB-85A1-7EA57FCB142F}.Release|Any CPU.ActiveCfg = Release|Any CPU
		{01399D58-7F14-4DAB-85A1-7EA57FCB142F}.Release|Any CPU.Build.0 = Release|Any CPU
	EndGlobalSection
	GlobalSection(SolutionProperties) = preSolution
		HideSolutionNode = FALSE
	EndGlobalSection
	GlobalSection(ExtensibilityGlobals) = postSolution
		SolutionGuid = {832C1681-EE63-4CF6-870B-7773204C0C85}
	EndGlobalSection
EndGlobal
